// !$*UTF8*$!
{
	archiveVersion = 1;
	classes = {
	};
	objectVersion = 56;
	objects = {

/* Begin PBXBuildFile section */
		82C1960A2904F2DA00E7C95B /* AppDelegate.swift in Sources */ = {isa = PBXBuildFile; fileRef = 82C196092904F2DA00E7C95B /* AppDelegate.swift */; };
		82C1960C2904F2DA00E7C95B /* SceneDelegate.swift in Sources */ = {isa = PBXBuildFile; fileRef = 82C1960B2904F2DA00E7C95B /* SceneDelegate.swift */; };
		82C196112904F2DA00E7C95B /* Main.storyboard in Resources */ = {isa = PBXBuildFile; fileRef = 82C1960F2904F2DA00E7C95B /* Main.storyboard */; };
		82C196132904F2DA00E7C95B /* Assets.xcassets in Resources */ = {isa = PBXBuildFile; fileRef = 82C196122904F2DA00E7C95B /* Assets.xcassets */; };
		82C196162904F2DA00E7C95B /* LaunchScreen.storyboard in Resources */ = {isa = PBXBuildFile; fileRef = 82C196142904F2DA00E7C95B /* LaunchScreen.storyboard */; };
		82C1961E2904F33B00E7C95B /* ListTableViewController.swift in Sources */ = {isa = PBXBuildFile; fileRef = 82C1961D2904F33B00E7C95B /* ListTableViewController.swift */; };
		82C196202904F3B700E7C95B /* DetailTableViewController.swift in Sources */ = {isa = PBXBuildFile; fileRef = 82C1961F2904F3B700E7C95B /* DetailTableViewController.swift */; };
		82C196222904F46800E7C95B /* ListTableViewCell.swift in Sources */ = {isa = PBXBuildFile; fileRef = 82C196212904F46800E7C95B /* ListTableViewCell.swift */; };
		82C196242904F61A00E7C95B /* Restaurants.swift in Sources */ = {isa = PBXBuildFile; fileRef = 82C196232904F61A00E7C95B /* Restaurants.swift */; };
		82C196272904F98A00E7C95B /* Kingfisher in Frameworks */ = {isa = PBXBuildFile; productRef = 82C196262904F98A00E7C95B /* Kingfisher */; };
		82E8D9F729080C780059BD4F /* RestFromJSON.swift in Sources */ = {isa = PBXBuildFile; fileRef = 82E8D9F629080C780059BD4F /* RestFromJSON.swift */; };
		82E8D9F9290813480059BD4F /* UpdateTableViewController.swift in Sources */ = {isa = PBXBuildFile; fileRef = 82E8D9F8290813480059BD4F /* UpdateTableViewController.swift */; };
		DA4692DB2907A6F70037CCBC /* foods.db in Resources */ = {isa = PBXBuildFile; fileRef = DA4692DA2907A6F70037CCBC /* foods.db */; };
		DA4692DD2907BBB00037CCBC /* MapViewController.swift in Sources */ = {isa = PBXBuildFile; fileRef = DA4692DC2907BBB00037CCBC /* MapViewController.swift */; };
/* End PBXBuildFile section */

/* Begin PBXFileReference section */
		82C196062904F2DA00E7C95B /* FoodBook.app */ = {isa = PBXFileReference; explicitFileType = wrapper.application; includeInIndex = 0; path = FoodBook.app; sourceTree = BUILT_PRODUCTS_DIR; };
		82C196092904F2DA00E7C95B /* AppDelegate.swift */ = {isa = PBXFileReference; lastKnownFileType = sourcecode.swift; path = AppDelegate.swift; sourceTree = "<group>"; };
		82C1960B2904F2DA00E7C95B /* SceneDelegate.swift */ = {isa = PBXFileReference; lastKnownFileType = sourcecode.swift; path = SceneDelegate.swift; sourceTree = "<group>"; };
		82C196102904F2DA00E7C95B /* Base */ = {isa = PBXFileReference; lastKnownFileType = file.storyboard; name = Base; path = Base.lproj/Main.storyboard; sourceTree = "<group>"; };
		82C196122904F2DA00E7C95B /* Assets.xcassets */ = {isa = PBXFileReference; lastKnownFileType = folder.assetcatalog; path = Assets.xcassets; sourceTree = "<group>"; };
		82C196152904F2DA00E7C95B /* Base */ = {isa = PBXFileReference; lastKnownFileType = file.storyboard; name = Base; path = Base.lproj/LaunchScreen.storyboard; sourceTree = "<group>"; };
		82C196172904F2DA00E7C95B /* Info.plist */ = {isa = PBXFileReference; lastKnownFileType = text.plist.xml; path = Info.plist; sourceTree = "<group>"; };
		82C1961D2904F33B00E7C95B /* ListTableViewController.swift */ = {isa = PBXFileReference; lastKnownFileType = sourcecode.swift; path = ListTableViewController.swift; sourceTree = "<group>"; };
		82C1961F2904F3B700E7C95B /* DetailTableViewController.swift */ = {isa = PBXFileReference; lastKnownFileType = sourcecode.swift; path = DetailTableViewController.swift; sourceTree = "<group>"; };
		82C196212904F46800E7C95B /* ListTableViewCell.swift */ = {isa = PBXFileReference; lastKnownFileType = sourcecode.swift; path = ListTableViewCell.swift; sourceTree = "<group>"; };
		82C196232904F61A00E7C95B /* Restaurants.swift */ = {isa = PBXFileReference; lastKnownFileType = sourcecode.swift; path = Restaurants.swift; sourceTree = "<group>"; };
		82E8D9F629080C780059BD4F /* RestFromJSON.swift */ = {isa = PBXFileReference; lastKnownFileType = sourcecode.swift; path = RestFromJSON.swift; sourceTree = "<group>"; };
		82E8D9F8290813480059BD4F /* UpdateTableViewController.swift */ = {isa = PBXFileReference; lastKnownFileType = sourcecode.swift; path = UpdateTableViewController.swift; sourceTree = "<group>"; };
		DA4692DA2907A6F70037CCBC /* foods.db */ = {isa = PBXFileReference; lastKnownFileType = file; path = foods.db; sourceTree = "<group>"; };
		DA4692DC2907BBB00037CCBC /* MapViewController.swift */ = {isa = PBXFileReference; lastKnownFileType = sourcecode.swift; path = MapViewController.swift; sourceTree = "<group>"; };
/* End PBXFileReference section */

/* Begin PBXFrameworksBuildPhase section */
		82C196032904F2DA00E7C95B /* Frameworks */ = {
			isa = PBXFrameworksBuildPhase;
			buildActionMask = 2147483647;
			files = (
				82C196272904F98A00E7C95B /* Kingfisher in Frameworks */,
			);
			runOnlyForDeploymentPostprocessing = 0;
		};
/* End PBXFrameworksBuildPhase section */

/* Begin PBXGroup section */
		82C195FD2904F2DA00E7C95B = {
			isa = PBXGroup;
			children = (
				82C196082904F2DA00E7C95B /* FoodBook */,
				82C196072904F2DA00E7C95B /* Products */,
			);
			sourceTree = "<group>";
		};
		82C196072904F2DA00E7C95B /* Products */ = {
			isa = PBXGroup;
			children = (
				82C196062904F2DA00E7C95B /* FoodBook.app */,
			);
			name = Products;
			sourceTree = "<group>";
		};
		82C196082904F2DA00E7C95B /* FoodBook */ = {
			isa = PBXGroup;
			children = (
				DA4692DA2907A6F70037CCBC /* foods.db */,
				82C196092904F2DA00E7C95B /* AppDelegate.swift */,
				82C1960B2904F2DA00E7C95B /* SceneDelegate.swift */,
				82C1961D2904F33B00E7C95B /* ListTableViewController.swift */,
				82C196212904F46800E7C95B /* ListTableViewCell.swift */,
				82C1961F2904F3B700E7C95B /* DetailTableViewController.swift */,
				82C196232904F61A00E7C95B /* Restaurants.swift */,
				DA4692DC2907BBB00037CCBC /* MapViewController.swift */,
				82C1960F2904F2DA00E7C95B /* Main.storyboard */,
				82C196122904F2DA00E7C95B /* Assets.xcassets */,
				82C196142904F2DA00E7C95B /* LaunchScreen.storyboard */,
				82C196172904F2DA00E7C95B /* Info.plist */,
				82E8D9F629080C780059BD4F /* RestFromJSON.swift */,
				82E8D9F8290813480059BD4F /* UpdateTableViewController.swift */,
			);
			path = FoodBook;
			sourceTree = "<group>";
		};
/* End PBXGroup section */

/* Begin PBXNativeTarget section */
		82C196052904F2DA00E7C95B /* FoodBook */ = {
			isa = PBXNativeTarget;
			buildConfigurationList = 82C1961A2904F2DA00E7C95B /* Build configuration list for PBXNativeTarget "FoodBook" */;
			buildPhases = (
				82C196022904F2DA00E7C95B /* Sources */,
				82C196032904F2DA00E7C95B /* Frameworks */,
				82C196042904F2DA00E7C95B /* Resources */,
			);
			buildRules = (
			);
			dependencies = (
			);
			name = FoodBook;
			packageProductDependencies = (
				82C196262904F98A00E7C95B /* Kingfisher */,
			);
			productName = FoodBook;
			productReference = 82C196062904F2DA00E7C95B /* FoodBook.app */;
			productType = "com.apple.product-type.application";
		};
/* End PBXNativeTarget section */

/* Begin PBXProject section */
		82C195FE2904F2DA00E7C95B /* Project object */ = {
			isa = PBXProject;
			attributes = {
				BuildIndependentTargetsInParallel = 1;
				LastSwiftUpdateCheck = 1400;
				LastUpgradeCheck = 1400;
				TargetAttributes = {
					82C196052904F2DA00E7C95B = {
						CreatedOnToolsVersion = 14.0;
					};
				};
			};
			buildConfigurationList = 82C196012904F2DA00E7C95B /* Build configuration list for PBXProject "FoodBook" */;
			compatibilityVersion = "Xcode 14.0";
			developmentRegion = en;
			hasScannedForEncodings = 0;
			knownRegions = (
				en,
				Base,
			);
			mainGroup = 82C195FD2904F2DA00E7C95B;
			packageReferences = (
				82C196252904F98A00E7C95B /* XCRemoteSwiftPackageReference "Kingfisher" */,
			);
			productRefGroup = 82C196072904F2DA00E7C95B /* Products */;
			projectDirPath = "";
			projectRoot = "";
			targets = (
				82C196052904F2DA00E7C95B /* FoodBook */,
			);
		};
/* End PBXProject section */

/* Begin PBXResourcesBuildPhase section */
		82C196042904F2DA00E7C95B /* Resources */ = {
			isa = PBXResourcesBuildPhase;
			buildActionMask = 2147483647;
			files = (
				82C196162904F2DA00E7C95B /* LaunchScreen.storyboard in Resources */,
				82C196132904F2DA00E7C95B /* Assets.xcassets in Resources */,
				82C196112904F2DA00E7C95B /* Main.storyboard in Resources */,
				DA4692DB2907A6F70037CCBC /* foods.db in Resources */,
			);
			runOnlyForDeploymentPostprocessing = 0;
		};
/* End PBXResourcesBuildPhase section */

/* Begin PBXSourcesBuildPhase section */
		82C196022904F2DA00E7C95B /* Sources */ = {
			isa = PBXSourcesBuildPhase;
			buildActionMask = 2147483647;
			files = (
				82C196202904F3B700E7C95B /* DetailTableViewController.swift in Sources */,
				82E8D9F729080C780059BD4F /* RestFromJSON.swift in Sources */,
				82C1960A2904F2DA00E7C95B /* AppDelegate.swift in Sources */,
				82C1960C2904F2DA00E7C95B /* SceneDelegate.swift in Sources */,
				82C1961E2904F33B00E7C95B /* ListTableViewController.swift in Sources */,
				82E8D9F9290813480059BD4F /* UpdateTableViewController.swift in Sources */,
				82C196242904F61A00E7C95B /* Restaurants.swift in Sources */,
				82C196222904F46800E7C95B /* ListTableViewCell.swift in Sources */,
				DA4692DD2907BBB00037CCBC /* MapViewController.swift in Sources */,
			);
			runOnlyForDeploymentPostprocessing = 0;
		};
/* End PBXSourcesBuildPhase section */

/* Begin PBXVariantGroup section */
		82C1960F2904F2DA00E7C95B /* Main.storyboard */ = {
			isa = PBXVariantGroup;
			children = (
				82C196102904F2DA00E7C95B /* Base */,
			);
			name = Main.storyboard;
			sourceTree = "<group>";
		};
		82C196142904F2DA00E7C95B /* LaunchScreen.storyboard */ = {
			isa = PBXVariantGroup;
			children = (
				82C196152904F2DA00E7C95B /* Base */,
			);
			name = LaunchScreen.storyboard;
			sourceTree = "<group>";
		};
/* End PBXVariantGroup section */

/* Begin XCBuildConfiguration section */
		82C196182904F2DA00E7C95B /* Debug */ = {
			isa = XCBuildConfiguration;
			buildSettings = {
				ALWAYS_SEARCH_USER_PATHS = NO;
				CLANG_ANALYZER_NONNULL = YES;
				CLANG_ANALYZER_NUMBER_OBJECT_CONVERSION = YES_AGGRESSIVE;
				CLANG_CXX_LANGUAGE_STANDARD = "gnu++20";
				CLANG_ENABLE_MODULES = YES;
				CLANG_ENABLE_OBJC_ARC = YES;
				CLANG_ENABLE_OBJC_WEAK = YES;
				CLANG_WARN_BLOCK_CAPTURE_AUTORELEASING = YES;
				CLANG_WARN_BOOL_CONVERSION = YES;
				CLANG_WARN_COMMA = YES;
				CLANG_WARN_CONSTANT_CONVERSION = YES;
				CLANG_WARN_DEPRECATED_OBJC_IMPLEMENTATIONS = YES;
				CLANG_WARN_DIRECT_OBJC_ISA_USAGE = YES_ERROR;
				CLANG_WARN_DOCUMENTATION_COMMENTS = YES;
				CLANG_WARN_EMPTY_BODY = YES;
				CLANG_WARN_ENUM_CONVERSION = YES;
				CLANG_WARN_INFINITE_RECURSION = YES;
				CLANG_WARN_INT_CONVERSION = YES;
				CLANG_WARN_NON_LITERAL_NULL_CONVERSION = YES;
				CLANG_WARN_OBJC_IMPLICIT_RETAIN_SELF = YES;
				CLANG_WARN_OBJC_LITERAL_CONVERSION = YES;
				CLANG_WARN_OBJC_ROOT_CLASS = YES_ERROR;
				CLANG_WARN_QUOTED_INCLUDE_IN_FRAMEWORK_HEADER = YES;
				CLANG_WARN_RANGE_LOOP_ANALYSIS = YES;
				CLANG_WARN_STRICT_PROTOTYPES = YES;
				CLANG_WARN_SUSPICIOUS_MOVE = YES;
				CLANG_WARN_UNGUARDED_AVAILABILITY = YES_AGGRESSIVE;
				CLANG_WARN_UNREACHABLE_CODE = YES;
				CLANG_WARN__DUPLICATE_METHOD_MATCH = YES;
				COPY_PHASE_STRIP = NO;
				DEBUG_INFORMATION_FORMAT = dwarf;
				ENABLE_STRICT_OBJC_MSGSEND = YES;
				ENABLE_TESTABILITY = YES;
				GCC_C_LANGUAGE_STANDARD = gnu11;
				GCC_DYNAMIC_NO_PIC = NO;
				GCC_NO_COMMON_BLOCKS = YES;
				GCC_OPTIMIZATION_LEVEL = 0;
				GCC_PREPROCESSOR_DEFINITIONS = (
					"DEBUG=1",
					"$(inherited)",
				);
				GCC_WARN_64_TO_32_BIT_CONVERSION = YES;
				GCC_WARN_ABOUT_RETURN_TYPE = YES_ERROR;
				GCC_WARN_UNDECLARED_SELECTOR = YES;
				GCC_WARN_UNINITIALIZED_AUTOS = YES_AGGRESSIVE;
				GCC_WARN_UNUSED_FUNCTION = YES;
				GCC_WARN_UNUSED_VARIABLE = YES;
				IPHONEOS_DEPLOYMENT_TARGET = 16.0;
				MTL_ENABLE_DEBUG_INFO = INCLUDE_SOURCE;
				MTL_FAST_MATH = YES;
				ONLY_ACTIVE_ARCH = YES;
				SDKROOT = iphoneos;
				SWIFT_ACTIVE_COMPILATION_CONDITIONS = DEBUG;
				SWIFT_OPTIMIZATION_LEVEL = "-Onone";
			};
			name = Debug;
		};
		82C196192904F2DA00E7C95B /* Release */ = {
			isa = XCBuildConfiguration;
			buildSettings = {
				ALWAYS_SEARCH_USER_PATHS = NO;
				CLANG_ANALYZER_NONNULL = YES;
				CLANG_ANALYZER_NUMBER_OBJECT_CONVERSION = YES_AGGRESSIVE;
				CLANG_CXX_LANGUAGE_STANDARD = "gnu++20";
				CLANG_ENABLE_MODULES = YES;
				CLANG_ENABLE_OBJC_ARC = YES;
				CLANG_ENABLE_OBJC_WEAK = YES;
				CLANG_WARN_BLOCK_CAPTURE_AUTORELEASING = YES;
				CLANG_WARN_BOOL_CONVERSION = YES;
				CLANG_WARN_COMMA = YES;
				CLANG_WARN_CONSTANT_CONVERSION = YES;
				CLANG_WARN_DEPRECATED_OBJC_IMPLEMENTATIONS = YES;
				CLANG_WARN_DIRECT_OBJC_ISA_USAGE = YES_ERROR;
				CLANG_WARN_DOCUMENTATION_COMMENTS = YES;
				CLANG_WARN_EMPTY_BODY = YES;
				CLANG_WARN_ENUM_CONVERSION = YES;
				CLANG_WARN_INFINITE_RECURSION = YES;
				CLANG_WARN_INT_CONVERSION = YES;
				CLANG_WARN_NON_LITERAL_NULL_CONVERSION = YES;
				CLANG_WARN_OBJC_IMPLICIT_RETAIN_SELF = YES;
				CLANG_WARN_OBJC_LITERAL_CONVERSION = YES;
				CLANG_WARN_OBJC_ROOT_CLASS = YES_ERROR;
				CLANG_WARN_QUOTED_INCLUDE_IN_FRAMEWORK_HEADER = YES;
				CLANG_WARN_RANGE_LOOP_ANALYSIS = YES;
				CLANG_WARN_STRICT_PROTOTYPES = YES;
				CLANG_WARN_SUSPICIOUS_MOVE = YES;
				CLANG_WARN_UNGUARDED_AVAILABILITY = YES_AGGRESSIVE;
				CLANG_WARN_UNREACHABLE_CODE = YES;
				CLANG_WARN__DUPLICATE_METHOD_MATCH = YES;
				COPY_PHASE_STRIP = NO;
				DEBUG_INFORMATION_FORMAT = "dwarf-with-dsym";
				ENABLE_NS_ASSERTIONS = NO;
				ENABLE_STRICT_OBJC_MSGSEND = YES;
				GCC_C_LANGUAGE_STANDARD = gnu11;
				GCC_NO_COMMON_BLOCKS = YES;
				GCC_WARN_64_TO_32_BIT_CONVERSION = YES;
				GCC_WARN_ABOUT_RETURN_TYPE = YES_ERROR;
				GCC_WARN_UNDECLARED_SELECTOR = YES;
				GCC_WARN_UNINITIALIZED_AUTOS = YES_AGGRESSIVE;
				GCC_WARN_UNUSED_FUNCTION = YES;
				GCC_WARN_UNUSED_VARIABLE = YES;
				IPHONEOS_DEPLOYMENT_TARGET = 16.0;
				MTL_ENABLE_DEBUG_INFO = NO;
				MTL_FAST_MATH = YES;
				SDKROOT = iphoneos;
				SWIFT_COMPILATION_MODE = wholemodule;
				SWIFT_OPTIMIZATION_LEVEL = "-O";
				VALIDATE_PRODUCT = YES;
			};
			name = Release;
		};
		82C1961B2904F2DA00E7C95B /* Debug */ = {
			isa = XCBuildConfiguration;
			buildSettings = {
				ASSETCATALOG_COMPILER_APPICON_NAME = AppIcon;
				ASSETCATALOG_COMPILER_GLOBAL_ACCENT_COLOR_NAME = AccentColor;
				CODE_SIGN_STYLE = Automatic;
				CURRENT_PROJECT_VERSION = 1;
				DEVELOPMENT_TEAM = GQDLFKY89Q;
				GENERATE_INFOPLIST_FILE = YES;
				INFOPLIST_FILE = FoodBook/Info.plist;
				INFOPLIST_KEY_UIApplicationSupportsIndirectInputEvents = YES;
				INFOPLIST_KEY_UILaunchStoryboardName = LaunchScreen;
				INFOPLIST_KEY_UIMainStoryboardFile = Main;
				INFOPLIST_KEY_UISupportedInterfaceOrientations_iPad = "UIInterfaceOrientationPortrait UIInterfaceOrientationPortraitUpsideDown UIInterfaceOrientationLandscapeLeft UIInterfaceOrientationLandscapeRight";
				INFOPLIST_KEY_UISupportedInterfaceOrientations_iPhone = "UIInterfaceOrientationPortrait UIInterfaceOrientationLandscapeLeft UIInterfaceOrientationLandscapeRight";
				LD_RUNPATH_SEARCH_PATHS = (
					"$(inherited)",
					"@executable_path/Frameworks",
				);
				MARKETING_VERSION = 1.0;
				PRODUCT_BUNDLE_IDENTIFIER = com.jemi0816.FoodBook;
				PRODUCT_NAME = "$(TARGET_NAME)";
				SWIFT_EMIT_LOC_STRINGS = YES;
				SWIFT_VERSION = 5.0;
				TARGETED_DEVICE_FAMILY = "1,2";
			};
			name = Debug;
		};
		82C1961C2904F2DA00E7C95B /* Release */ = {
			isa = XCBuildConfiguration;
			buildSettings = {
				ASSETCATALOG_COMPILER_APPICON_NAME = AppIcon;
				ASSETCATALOG_COMPILER_GLOBAL_ACCENT_COLOR_NAME = AccentColor;
				CODE_SIGN_STYLE = Automatic;
				CURRENT_PROJECT_VERSION = 1;
				DEVELOPMENT_TEAM = GQDLFKY89Q;
				GENERATE_INFOPLIST_FILE = YES;
				INFOPLIST_FILE = FoodBook/Info.plist;
				INFOPLIST_KEY_UIApplicationSupportsIndirectInputEvents = YES;
				INFOPLIST_KEY_UILaunchStoryboardName = LaunchScreen;
				INFOPLIST_KEY_UIMainStoryboardFile = Main;
				INFOPLIST_KEY_UISupportedInterfaceOrientations_iPad = "UIInterfaceOrientationPortrait UIInterfaceOrientationPortraitUpsideDown UIInterfaceOrientationLandscapeLeft UIInterfaceOrientationLandscapeRight";
				INFOPLIST_KEY_UISupportedInterfaceOrientations_iPhone = "UIInterfaceOrientationPortrait UIInterfaceOrientationLandscapeLeft UIInterfaceOrientationLandscapeRight";
				LD_RUNPATH_SEARCH_PATHS = (
					"$(inherited)",
					"@executable_path/Frameworks",
				);
				MARKETING_VERSION = 1.0;
				PRODUCT_BUNDLE_IDENTIFIER = com.jemi0816.FoodBook;
				PRODUCT_NAME = "$(TARGET_NAME)";
				SWIFT_EMIT_LOC_STRINGS = YES;
				SWIFT_VERSION = 5.0;
				TARGETED_DEVICE_FAMILY = "1,2";
			};
			name = Release;
		};
/* End XCBuildConfiguration section */

/* Begin XCConfigurationList section */
		82C196012904F2DA00E7C95B /* Build configuration list for PBXProject "FoodBook" */ = {
			isa = XCConfigurationList;
			buildConfigurations = (
				82C196182904F2DA00E7C95B /* Debug */,
				82C196192904F2DA00E7C95B /* Release */,
			);
			defaultConfigurationIsVisible = 0;
			defaultConfigurationName = Release;
		};
		82C1961A2904F2DA00E7C95B /* Build configuration list for PBXNativeTarget "FoodBook" */ = {
			isa = XCConfigurationList;
			buildConfigurations = (
				82C1961B2904F2DA00E7C95B /* Debug */,
				82C1961C2904F2DA00E7C95B /* Release */,
			);
			defaultConfigurationIsVisible = 0;
			defaultConfigurationName = Release;
		};
/* End XCConfigurationList section */

/* Begin XCRemoteSwiftPackageReference section */
		82C196252904F98A00E7C95B /* XCRemoteSwiftPackageReference "Kingfisher" */ = {
			isa = XCRemoteSwiftPackageReference;
			repositoryURL = "https://github.com/onevcat/Kingfisher";
			requirement = {
				kind = upToNextMajorVersion;
				minimumVersion = 7.0.0;
			};
		};
/* End XCRemoteSwiftPackageReference section */

/* Begin XCSwiftPackageProductDependency section */
		82C196262904F98A00E7C95B /* Kingfisher */ = {
			isa = XCSwiftPackageProductDependency;
			package = 82C196252904F98A00E7C95B /* XCRemoteSwiftPackageReference "Kingfisher" */;
			productName = Kingfisher;
		};
/* End XCSwiftPackageProductDependency section */
	};
	rootObject = 82C195FE2904F2DA00E7C95B /* Project object */;
}
